
Microsoft Visual Studio Solution File, Format Version 12.00
# Visual Studio Version 16
VisualStudioVersion = 16.0.31005.135
MinimumVisualStudioVersion = 10.0.40219.1
Project("{FAE04EC0-301F-11D3-BF4B-00C04F79EFBC}") = "DSP_Helmod", "DSP_Helmod\DSP_Helmod.csproj", "{3A06BD16-899E-4722-9285-6C035D6D297A}"
EndProject
Global
	GlobalSection(SolutionConfigurationPlatforms) = preSolution
		Debug|Any CPU = Debug|Any CPU
		Release|Any CPU = Release|Any CPU
	EndGlobalSection
	GlobalSection(ProjectConfigurationPlatforms) = postSolution
		{3A06BD16-899E-4722-9285-6C035D6D297A}.Debug|Any CPU.ActiveCfg = Debug|Any CPU
		{3A06BD16-899E-4722-9285-6C035D6D297A}.Debug|Any CPU.Build.0 = Debug|Any CPU
		{3A06BD16-899E-4722-9285-6C035D6D297A}.Release|Any CPU.ActiveCfg = Release|Any CPU
		{3A06BD16-899E-4722-9285-6C035D6D297A}.Release|Any CPU.Build.0 = Release|Any CPU
	EndGlobalSection
	GlobalSection(SolutionProperties) = preSolution
		HideSolutionNode = FALSE
	EndGlobalSection
	GlobalSection(ExtensibilityGlobals) = postSolution
		SolutionGuid = {726BDCA6-B63D-46EE-ADA5-F601B1C260E1}
	EndGlobalSection
EndGlobal
